dependencies:
- name: redis
  repository: oci://registry-1.docker.io/bitnamicharts
  version: 17.16.0
- name: postgresql-ha
  repository: oci://registry-1.docker.io/bitnamicharts
  version: 11.9.0
digest: sha256:c75c574107f4595a165330c4f9fda68332391b979ae6bf49f874f480a82f4c54
generated: "2023-10-03T20:31:47.981525677+08:00"
